
Microsoft Visual Studio Solution File, Format Version 12.00
# Visual Studio Version 16
VisualStudioVersion = 16.0.30804.86
MinimumVisualStudioVersion = 10.0.40219.1
Project("{FAE04EC0-301F-11D3-BF4B-00C04F79EFBC}") = "ARSoft.Tools.Net", "ARSoft.Tools.Net-master\ARSoft.Tools.Net\ARSoft.Tools.Net.csproj", "{65BFA748-C640-49B0-B506-34BBB165233A}"
EndProject
Project("{FAE04EC0-301F-11D3-BF4B-00C04F79EFBC}") = "DNSClient", "DNSClient\DNSClient.csproj", "{91D645DD-2BDD-4AE3-8172-209E6A7C9BCD}"
EndProject
Project("{FAE04EC0-301F-11D3-BF4B-00C04F79EFBC}") = "DNSServer", "DNSServer\DNSServer.csproj", "{7E57568B-B878-46A2-BCD8-C16F91B7ED8D}"
EndProject
Global
	GlobalSection(SolutionConfigurationPlatforms) = preSolution
		Debug|Any CPU = Debug|Any CPU
		Release|Any CPU = Release|Any CPU
	EndGlobalSection
	GlobalSection(ProjectConfigurationPlatforms) = postSolution
		{65BFA748-C640-49B0-B506-34BBB165233A}.Debug|Any CPU.ActiveCfg = Debug|Any CPU
		{65BFA748-C640-49B0-B506-34BBB165233A}.Debug|Any CPU.Build.0 = Debug|Any CPU
		{65BFA748-C640-49B0-B506-34BBB165233A}.Release|Any CPU.ActiveCfg = Release|Any CPU
		{65BFA748-C640-49B0-B506-34BBB165233A}.Release|Any CPU.Build.0 = Release|Any CPU
		{91D645DD-2BDD-4AE3-8172-209E6A7C9BCD}.Debug|Any CPU.ActiveCfg = Debug|Any CPU
		{91D645DD-2BDD-4AE3-8172-209E6A7C9BCD}.Debug|Any CPU.Build.0 = Debug|Any CPU
		{91D645DD-2BDD-4AE3-8172-209E6A7C9BCD}.Release|Any CPU.ActiveCfg = Release|Any CPU
		{91D645DD-2BDD-4AE3-8172-209E6A7C9BCD}.Release|Any CPU.Build.0 = Release|Any CPU
		{7E57568B-B878-46A2-BCD8-C16F91B7ED8D}.Debug|Any CPU.ActiveCfg = Debug|Any CPU
		{7E57568B-B878-46A2-BCD8-C16F91B7ED8D}.Debug|Any CPU.Build.0 = Debug|Any CPU
		{7E57568B-B878-46A2-BCD8-C16F91B7ED8D}.Release|Any CPU.ActiveCfg = Release|Any CPU
		{7E57568B-B878-46A2-BCD8-C16F91B7ED8D}.Release|Any CPU.Build.0 = Release|Any CPU
	EndGlobalSection
	GlobalSection(SolutionProperties) = preSolution
		HideSolutionNode = FALSE
	EndGlobalSection
	GlobalSection(ExtensibilityGlobals) = postSolution
		SolutionGuid = {C5DDDDA9-39BE-4C5C-A060-537AED6D9625}
	EndGlobalSection
EndGlobal
