
Microsoft Visual Studio Solution File, Format Version 12.00
# Visual Studio Version 16
VisualStudioVersion = 16.0.30804.86
MinimumVisualStudioVersion = 10.0.40219.1
Project("{FAE04EC0-301F-11D3-BF4B-00C04F79EFBC}") = "ARSoft.Tools.Net", "ARSoft.Tools.Net\ARSoft.Tools.Net.csproj", "{65BFA748-C640-49B0-B506-34BBB165233A}"
EndProject
Project("{FAE04EC0-301F-11D3-BF4B-00C04F79EFBC}") = "DNSServer", "..\..\source\repos\DNSServer\DNSServer.csproj", "{6B72DA2D-3FFE-45D0-837D-E4B74E7A0080}"
EndProject
Global
	GlobalSection(SolutionConfigurationPlatforms) = preSolution
		Debug|Any CPU = Debug|Any CPU
		Release|Any CPU = Release|Any CPU
	EndGlobalSection
	GlobalSection(ProjectConfigurationPlatforms) = postSolution
		{65BFA748-C640-49B0-B506-34BBB165233A}.Debug|Any CPU.ActiveCfg = Debug|Any CPU
		{65BFA748-C640-49B0-B506-34BBB165233A}.Debug|Any CPU.Build.0 = Debug|Any CPU
		{65BFA748-C640-49B0-B506-34BBB165233A}.Release|Any CPU.ActiveCfg = Release|Any CPU
		{65BFA748-C640-49B0-B506-34BBB165233A}.Release|Any CPU.Build.0 = Release|Any CPU
		{6B72DA2D-3FFE-45D0-837D-E4B74E7A0080}.Debug|Any CPU.ActiveCfg = Debug|Any CPU
		{6B72DA2D-3FFE-45D0-837D-E4B74E7A0080}.Debug|Any CPU.Build.0 = Debug|Any CPU
		{6B72DA2D-3FFE-45D0-837D-E4B74E7A0080}.Release|Any CPU.ActiveCfg = Release|Any CPU
		{6B72DA2D-3FFE-45D0-837D-E4B74E7A0080}.Release|Any CPU.Build.0 = Release|Any CPU
	EndGlobalSection
	GlobalSection(SolutionProperties) = preSolution
		HideSolutionNode = FALSE
	EndGlobalSection
	GlobalSection(ExtensibilityGlobals) = postSolution
		SolutionGuid = {0AD26E65-EB77-46DA-B429-D805D57BCA5B}
	EndGlobalSection
EndGlobal
