
Microsoft Visual Studio Solution File, Format Version 12.00
# Visual Studio Version 16
VisualStudioVersion = 16.0.30804.86
MinimumVisualStudioVersion = 10.0.40219.1
Project("{FAE04EC0-301F-11D3-BF4B-00C04F79EFBC}") = "DNSClient", "DNSClient.csproj", "{91D645DD-2BDD-4AE3-8172-209E6A7C9BCD}"
EndProject
Global
	GlobalSection(SolutionConfigurationPlatforms) = preSolution
		Debug|Any CPU = Debug|Any CPU
		Release|Any CPU = Release|Any CPU
	EndGlobalSection
	GlobalSection(ProjectConfigurationPlatforms) = postSolution
		{91D645DD-2BDD-4AE3-8172-209E6A7C9BCD}.Debug|Any CPU.ActiveCfg = Debug|Any CPU
		{91D645DD-2BDD-4AE3-8172-209E6A7C9BCD}.Debug|Any CPU.Build.0 = Debug|Any CPU
		{91D645DD-2BDD-4AE3-8172-209E6A7C9BCD}.Release|Any CPU.ActiveCfg = Release|Any CPU
		{91D645DD-2BDD-4AE3-8172-209E6A7C9BCD}.Release|Any CPU.Build.0 = Release|Any CPU
	EndGlobalSection
	GlobalSection(SolutionProperties) = preSolution
		HideSolutionNode = FALSE
	EndGlobalSection
	GlobalSection(ExtensibilityGlobals) = postSolution
		SolutionGuid = {39C120FE-0652-48BD-8C51-55979B2FE2D2}
	EndGlobalSection
EndGlobal
